
Microsoft Visual Studio Solution File, Format Version 12.00
# Visual Studio 15
VisualStudioVersion = 15.0.27703.2042
MinimumVisualStudioVersion = 10.0.40219.1
Project("{9A19103F-16F7-4668-BE54-9A1E7A4F7556}") = "BuildMonitorCore", "BuildMonitorCore\BuildMonitorCore.csproj", "{F41DEE01-91F6-4280-810B-A37A113747D8}"
EndProject
Global
	GlobalSection(SolutionConfigurationPlatforms) = preSolution
		Debug|Any CPU = Debug|Any CPU
		Release|Any CPU = Release|Any CPU
	EndGlobalSection
	GlobalSection(ProjectConfigurationPlatforms) = postSolution
		{F41DEE01-91F6-4280-810B-A37A113747D8}.Debug|Any CPU.ActiveCfg = Debug|Any CPU
		{F41DEE01-91F6-4280-810B-A37A113747D8}.Debug|Any CPU.Build.0 = Debug|Any CPU
		{F41DEE01-91F6-4280-810B-A37A113747D8}.Release|Any CPU.ActiveCfg = Release|Any CPU
		{F41DEE01-91F6-4280-810B-A37A113747D8}.Release|Any CPU.Build.0 = Release|Any CPU
	EndGlobalSection
	GlobalSection(SolutionProperties) = preSolution
		HideSolutionNode = FALSE
	EndGlobalSection
	GlobalSection(ExtensibilityGlobals) = postSolution
		SolutionGuid = {97A73DDB-D09F-4A4D-8FCC-55989019DA8F}
	EndGlobalSection
EndGlobal
